
Microsoft Visual Studio Solution File, Format Version 12.00
# Visual Studio Version 17
VisualStudioVersion = 17.4.33103.184
MinimumVisualStudioVersion = 10.0.40219.1
Project("{8BC9CEB8-8B4A-11D0-8D11-00A0C91BC942}") = "laba6.2 1 sposib", "laba6.2 1 sposib\laba6.2 1 sposib.vcxproj", "{61BA59E2-0C98-46D7-A441-F9B062BCAC75}"
EndProject
Project("{8BC9CEB8-8B4A-11D0-8D11-00A0C91BC942}") = "UnitTest1", "UnitTest1\UnitTest1.vcxproj", "{1FE17401-D82D-4C02-BF9F-EA72A0054C2B}"
EndProject
Global
	GlobalSection(SolutionConfigurationPlatforms) = preSolution
		Debug|x64 = Debug|x64
		Debug|x86 = Debug|x86
		Release|x64 = Release|x64
		Release|x86 = Release|x86
	EndGlobalSection
	GlobalSection(ProjectConfigurationPlatforms) = postSolution
		{61BA59E2-0C98-46D7-A441-F9B062BCAC75}.Debug|x64.ActiveCfg = Debug|x64
		{61BA59E2-0C98-46D7-A441-F9B062BCAC75}.Debug|x64.Build.0 = Debug|x64
		{61BA59E2-0C98-46D7-A441-F9B062BCAC75}.Debug|x86.ActiveCfg = Debug|Win32
		{61BA59E2-0C98-46D7-A441-F9B062BCAC75}.Debug|x86.Build.0 = Debug|Win32
		{61BA59E2-0C98-46D7-A441-F9B062BCAC75}.Release|x64.ActiveCfg = Release|x64
		{61BA59E2-0C98-46D7-A441-F9B062BCAC75}.Release|x64.Build.0 = Release|x64
		{61BA59E2-0C98-46D7-A441-F9B062BCAC75}.Release|x86.ActiveCfg = Release|Win32
		{61BA59E2-0C98-46D7-A441-F9B062BCAC75}.Release|x86.Build.0 = Release|Win32
		{1FE17401-D82D-4C02-BF9F-EA72A0054C2B}.Debug|x64.ActiveCfg = Debug|x64
		{1FE17401-D82D-4C02-BF9F-EA72A0054C2B}.Debug|x64.Build.0 = Debug|x64
		{1FE17401-D82D-4C02-BF9F-EA72A0054C2B}.Debug|x86.ActiveCfg = Debug|Win32
		{1FE17401-D82D-4C02-BF9F-EA72A0054C2B}.Debug|x86.Build.0 = Debug|Win32
		{1FE17401-D82D-4C02-BF9F-EA72A0054C2B}.Release|x64.ActiveCfg = Release|x64
		{1FE17401-D82D-4C02-BF9F-EA72A0054C2B}.Release|x64.Build.0 = Release|x64
		{1FE17401-D82D-4C02-BF9F-EA72A0054C2B}.Release|x86.ActiveCfg = Release|Win32
		{1FE17401-D82D-4C02-BF9F-EA72A0054C2B}.Release|x86.Build.0 = Release|Win32
	EndGlobalSection
	GlobalSection(SolutionProperties) = preSolution
		HideSolutionNode = FALSE
	EndGlobalSection
	GlobalSection(ExtensibilityGlobals) = postSolution
		SolutionGuid = {FB6E61A0-E182-4D69-9794-D5986B9FAB0A}
	EndGlobalSection
EndGlobal
